
Microsoft Visual Studio Solution File, Format Version 12.00
# Visual Studio Version 16
VisualStudioVersion = 16.0.29519.87
MinimumVisualStudioVersion = 10.0.40219.1
Project("{FAE04EC0-301F-11D3-BF4B-00C04F79EFBC}") = "Exerc_3", "Exerc_3\Exerc_3.csproj", "{AE541581-ECA1-4F98-A497-E86990BCC168}"
EndProject
Global
	GlobalSection(SolutionConfigurationPlatforms) = preSolution
		Debug|Any CPU = Debug|Any CPU
		Release|Any CPU = Release|Any CPU
	EndGlobalSection
	GlobalSection(ProjectConfigurationPlatforms) = postSolution
		{AE541581-ECA1-4F98-A497-E86990BCC168}.Debug|Any CPU.ActiveCfg = Debug|Any CPU
		{AE541581-ECA1-4F98-A497-E86990BCC168}.Debug|Any CPU.Build.0 = Debug|Any CPU
		{AE541581-ECA1-4F98-A497-E86990BCC168}.Release|Any CPU.ActiveCfg = Release|Any CPU
		{AE541581-ECA1-4F98-A497-E86990BCC168}.Release|Any CPU.Build.0 = Release|Any CPU
	EndGlobalSection
	GlobalSection(SolutionProperties) = preSolution
		HideSolutionNode = FALSE
	EndGlobalSection
	GlobalSection(ExtensibilityGlobals) = postSolution
		SolutionGuid = {47DEA01E-4A95-4677-922B-57AE560D19D3}
	EndGlobalSection
EndGlobal
