
Microsoft Visual Studio Solution File, Format Version 12.00
# Visual Studio Version 16
VisualStudioVersion = 16.0.29519.87
MinimumVisualStudioVersion = 10.0.40219.1
Project("{9A19103F-16F7-4668-BE54-9A1E7A4F7556}") = "Aula44", "Aula44.csproj", "{BEC91EAF-E027-4D9D-A353-AB26BBA07C71}"
EndProject
Global
	GlobalSection(SolutionConfigurationPlatforms) = preSolution
		Debug|Any CPU = Debug|Any CPU
		Release|Any CPU = Release|Any CPU
	EndGlobalSection
	GlobalSection(ProjectConfigurationPlatforms) = postSolution
		{BEC91EAF-E027-4D9D-A353-AB26BBA07C71}.Debug|Any CPU.ActiveCfg = Debug|Any CPU
		{BEC91EAF-E027-4D9D-A353-AB26BBA07C71}.Debug|Any CPU.Build.0 = Debug|Any CPU
		{BEC91EAF-E027-4D9D-A353-AB26BBA07C71}.Release|Any CPU.ActiveCfg = Release|Any CPU
		{BEC91EAF-E027-4D9D-A353-AB26BBA07C71}.Release|Any CPU.Build.0 = Release|Any CPU
	EndGlobalSection
	GlobalSection(SolutionProperties) = preSolution
		HideSolutionNode = FALSE
	EndGlobalSection
	GlobalSection(ExtensibilityGlobals) = postSolution
		SolutionGuid = {D5A838BF-621F-40D4-97E7-ED65F3B61E4E}
	EndGlobalSection
EndGlobal
