
Microsoft Visual Studio Solution File, Format Version 12.00
# Visual Studio Version 16
VisualStudioVersion = 16.0.29519.87
MinimumVisualStudioVersion = 10.0.40219.1
Project("{FAE04EC0-301F-11D3-BF4B-00C04F79EFBC}") = "EntradaDeDadosParte2_ExercicioDeFixacao", "EntradaDeDadosParte2_ExercicioDeFixacao\EntradaDeDadosParte2_ExercicioDeFixacao.csproj", "{C9AF2893-742E-4AF4-B0D5-A587A7A5D0BE}"
EndProject
Global
	GlobalSection(SolutionConfigurationPlatforms) = preSolution
		Debug|Any CPU = Debug|Any CPU
		Release|Any CPU = Release|Any CPU
	EndGlobalSection
	GlobalSection(ProjectConfigurationPlatforms) = postSolution
		{C9AF2893-742E-4AF4-B0D5-A587A7A5D0BE}.Debug|Any CPU.ActiveCfg = Debug|Any CPU
		{C9AF2893-742E-4AF4-B0D5-A587A7A5D0BE}.Debug|Any CPU.Build.0 = Debug|Any CPU
		{C9AF2893-742E-4AF4-B0D5-A587A7A5D0BE}.Release|Any CPU.ActiveCfg = Release|Any CPU
		{C9AF2893-742E-4AF4-B0D5-A587A7A5D0BE}.Release|Any CPU.Build.0 = Release|Any CPU
	EndGlobalSection
	GlobalSection(SolutionProperties) = preSolution
		HideSolutionNode = FALSE
	EndGlobalSection
	GlobalSection(ExtensibilityGlobals) = postSolution
		SolutionGuid = {1BE6FC79-2406-4377-BE52-1EACEEEECC0B}
	EndGlobalSection
EndGlobal
