
Microsoft Visual Studio Solution File, Format Version 12.00
# Visual Studio Version 16
VisualStudioVersion = 16.0.29519.87
MinimumVisualStudioVersion = 10.0.40219.1
Project("{FAE04EC0-301F-11D3-BF4B-00C04F79EFBC}") = "Estrutura repetitiva FOR", "Estrutura repetitiva FOR\Estrutura repetitiva FOR.csproj", "{03F47B5A-4E61-4883-8443-045BD9790E6E}"
EndProject
Global
	GlobalSection(SolutionConfigurationPlatforms) = preSolution
		Debug|Any CPU = Debug|Any CPU
		Release|Any CPU = Release|Any CPU
	EndGlobalSection
	GlobalSection(ProjectConfigurationPlatforms) = postSolution
		{03F47B5A-4E61-4883-8443-045BD9790E6E}.Debug|Any CPU.ActiveCfg = Debug|Any CPU
		{03F47B5A-4E61-4883-8443-045BD9790E6E}.Debug|Any CPU.Build.0 = Debug|Any CPU
		{03F47B5A-4E61-4883-8443-045BD9790E6E}.Release|Any CPU.ActiveCfg = Release|Any CPU
		{03F47B5A-4E61-4883-8443-045BD9790E6E}.Release|Any CPU.Build.0 = Release|Any CPU
	EndGlobalSection
	GlobalSection(SolutionProperties) = preSolution
		HideSolutionNode = FALSE
	EndGlobalSection
	GlobalSection(ExtensibilityGlobals) = postSolution
		SolutionGuid = {EC3FE54B-ED35-4A25-873E-C1C17C20853A}
	EndGlobalSection
EndGlobal
