
Microsoft Visual Studio Solution File, Format Version 12.00
# Visual Studio Version 16
VisualStudioVersion = 16.0.29519.87
MinimumVisualStudioVersion = 10.0.40219.1
Project("{FAE04EC0-301F-11D3-BF4B-00C04F79EFBC}") = "Sobrecarga", "Sobrecarga\Sobrecarga.csproj", "{90B00069-E317-4374-A5A8-CF01C13FD37A}"
EndProject
Global
	GlobalSection(SolutionConfigurationPlatforms) = preSolution
		Debug|Any CPU = Debug|Any CPU
		Release|Any CPU = Release|Any CPU
	EndGlobalSection
	GlobalSection(ProjectConfigurationPlatforms) = postSolution
		{90B00069-E317-4374-A5A8-CF01C13FD37A}.Debug|Any CPU.ActiveCfg = Debug|Any CPU
		{90B00069-E317-4374-A5A8-CF01C13FD37A}.Debug|Any CPU.Build.0 = Debug|Any CPU
		{90B00069-E317-4374-A5A8-CF01C13FD37A}.Release|Any CPU.ActiveCfg = Release|Any CPU
		{90B00069-E317-4374-A5A8-CF01C13FD37A}.Release|Any CPU.Build.0 = Release|Any CPU
	EndGlobalSection
	GlobalSection(SolutionProperties) = preSolution
		HideSolutionNode = FALSE
	EndGlobalSection
	GlobalSection(ExtensibilityGlobals) = postSolution
		SolutionGuid = {5BF81D9A-27A5-47A8-824E-4144E6698ACD}
	EndGlobalSection
EndGlobal
