
Microsoft Visual Studio Solution File, Format Version 12.00
# Visual Studio Version 16
VisualStudioVersion = 16.0.29519.87
MinimumVisualStudioVersion = 10.0.40219.1
Project("{FAE04EC0-301F-11D3-BF4B-00C04F79EFBC}") = "BoxingUnboxing", "BoxingUnboxing\BoxingUnboxing.csproj", "{485D904B-05EE-42CB-B5B7-30DBCC0A22BA}"
EndProject
Global
	GlobalSection(SolutionConfigurationPlatforms) = preSolution
		Debug|Any CPU = Debug|Any CPU
		Release|Any CPU = Release|Any CPU
	EndGlobalSection
	GlobalSection(ProjectConfigurationPlatforms) = postSolution
		{485D904B-05EE-42CB-B5B7-30DBCC0A22BA}.Debug|Any CPU.ActiveCfg = Debug|Any CPU
		{485D904B-05EE-42CB-B5B7-30DBCC0A22BA}.Debug|Any CPU.Build.0 = Debug|Any CPU
		{485D904B-05EE-42CB-B5B7-30DBCC0A22BA}.Release|Any CPU.ActiveCfg = Release|Any CPU
		{485D904B-05EE-42CB-B5B7-30DBCC0A22BA}.Release|Any CPU.Build.0 = Release|Any CPU
	EndGlobalSection
	GlobalSection(SolutionProperties) = preSolution
		HideSolutionNode = FALSE
	EndGlobalSection
	GlobalSection(ExtensibilityGlobals) = postSolution
		SolutionGuid = {60886FC2-DBA2-4D6E-87E1-08BEFB2DB223}
	EndGlobalSection
EndGlobal
