
Microsoft Visual Studio Solution File, Format Version 12.00
# Visual Studio Version 16
VisualStudioVersion = 16.0.29519.87
MinimumVisualStudioVersion = 10.0.40219.1
Project("{FAE04EC0-301F-11D3-BF4B-00C04F79EFBC}") = "Debugging Visual Studio", "Debugging Visual Studio\Debugging Visual Studio.csproj", "{255D26B1-C6FF-44A2-8806-04C1B4FA71FC}"
EndProject
Global
	GlobalSection(SolutionConfigurationPlatforms) = preSolution
		Debug|Any CPU = Debug|Any CPU
		Release|Any CPU = Release|Any CPU
	EndGlobalSection
	GlobalSection(ProjectConfigurationPlatforms) = postSolution
		{255D26B1-C6FF-44A2-8806-04C1B4FA71FC}.Debug|Any CPU.ActiveCfg = Debug|Any CPU
		{255D26B1-C6FF-44A2-8806-04C1B4FA71FC}.Debug|Any CPU.Build.0 = Debug|Any CPU
		{255D26B1-C6FF-44A2-8806-04C1B4FA71FC}.Release|Any CPU.ActiveCfg = Release|Any CPU
		{255D26B1-C6FF-44A2-8806-04C1B4FA71FC}.Release|Any CPU.Build.0 = Release|Any CPU
	EndGlobalSection
	GlobalSection(SolutionProperties) = preSolution
		HideSolutionNode = FALSE
	EndGlobalSection
	GlobalSection(ExtensibilityGlobals) = postSolution
		SolutionGuid = {6490E348-2B5D-4AF5-A26D-99328BFB0568}
	EndGlobalSection
EndGlobal
