
Microsoft Visual Studio Solution File, Format Version 12.00
# Visual Studio Version 16
VisualStudioVersion = 16.0.29519.87
MinimumVisualStudioVersion = 10.0.40219.1
Project("{FAE04EC0-301F-11D3-BF4B-00C04F79EFBC}") = "Iniciando Struct", "Iniciando Struct\Iniciando Struct.csproj", "{DCB7B9C3-07CC-43B6-9DCD-579C78C710BC}"
EndProject
Global
	GlobalSection(SolutionConfigurationPlatforms) = preSolution
		Debug|Any CPU = Debug|Any CPU
		Release|Any CPU = Release|Any CPU
	EndGlobalSection
	GlobalSection(ProjectConfigurationPlatforms) = postSolution
		{DCB7B9C3-07CC-43B6-9DCD-579C78C710BC}.Debug|Any CPU.ActiveCfg = Debug|Any CPU
		{DCB7B9C3-07CC-43B6-9DCD-579C78C710BC}.Debug|Any CPU.Build.0 = Debug|Any CPU
		{DCB7B9C3-07CC-43B6-9DCD-579C78C710BC}.Release|Any CPU.ActiveCfg = Release|Any CPU
		{DCB7B9C3-07CC-43B6-9DCD-579C78C710BC}.Release|Any CPU.Build.0 = Release|Any CPU
	EndGlobalSection
	GlobalSection(SolutionProperties) = preSolution
		HideSolutionNode = FALSE
	EndGlobalSection
	GlobalSection(ExtensibilityGlobals) = postSolution
		SolutionGuid = {9AE7F104-C3F6-488B-81B7-8AC0284CF38A}
	EndGlobalSection
EndGlobal
