
Microsoft Visual Studio Solution File, Format Version 12.00
# Visual Studio Version 16
VisualStudioVersion = 16.0.29519.87
MinimumVisualStudioVersion = 10.0.40219.1
Project("{FAE04EC0-301F-11D3-BF4B-00C04F79EFBC}") = "Exerc_1", "Exerc_1\Exerc_1.csproj", "{FAE55A17-127A-4C2F-BE99-7827FDA952ED}"
EndProject
Global
	GlobalSection(SolutionConfigurationPlatforms) = preSolution
		Debug|Any CPU = Debug|Any CPU
		Release|Any CPU = Release|Any CPU
	EndGlobalSection
	GlobalSection(ProjectConfigurationPlatforms) = postSolution
		{FAE55A17-127A-4C2F-BE99-7827FDA952ED}.Debug|Any CPU.ActiveCfg = Debug|Any CPU
		{FAE55A17-127A-4C2F-BE99-7827FDA952ED}.Debug|Any CPU.Build.0 = Debug|Any CPU
		{FAE55A17-127A-4C2F-BE99-7827FDA952ED}.Release|Any CPU.ActiveCfg = Release|Any CPU
		{FAE55A17-127A-4C2F-BE99-7827FDA952ED}.Release|Any CPU.Build.0 = Release|Any CPU
	EndGlobalSection
	GlobalSection(SolutionProperties) = preSolution
		HideSolutionNode = FALSE
	EndGlobalSection
	GlobalSection(ExtensibilityGlobals) = postSolution
		SolutionGuid = {8EFBE0DF-4A06-4215-B03D-CD83B66D0558}
	EndGlobalSection
EndGlobal
