
Microsoft Visual Studio Solution File, Format Version 12.00
# Visual Studio Version 16
VisualStudioVersion = 16.0.29519.87
MinimumVisualStudioVersion = 10.0.40219.1
Project("{FAE04EC0-301F-11D3-BF4B-00C04F79EFBC}") = "Vetores_1", "Vetores_1\Vetores_1.csproj", "{D2442F6A-D820-4CE7-BC10-7F603AD354CB}"
EndProject
Global
	GlobalSection(SolutionConfigurationPlatforms) = preSolution
		Debug|Any CPU = Debug|Any CPU
		Release|Any CPU = Release|Any CPU
	EndGlobalSection
	GlobalSection(ProjectConfigurationPlatforms) = postSolution
		{D2442F6A-D820-4CE7-BC10-7F603AD354CB}.Debug|Any CPU.ActiveCfg = Debug|Any CPU
		{D2442F6A-D820-4CE7-BC10-7F603AD354CB}.Debug|Any CPU.Build.0 = Debug|Any CPU
		{D2442F6A-D820-4CE7-BC10-7F603AD354CB}.Release|Any CPU.ActiveCfg = Release|Any CPU
		{D2442F6A-D820-4CE7-BC10-7F603AD354CB}.Release|Any CPU.Build.0 = Release|Any CPU
	EndGlobalSection
	GlobalSection(SolutionProperties) = preSolution
		HideSolutionNode = FALSE
	EndGlobalSection
	GlobalSection(ExtensibilityGlobals) = postSolution
		SolutionGuid = {C1C326FC-BB3A-49C5-8C9A-2AD4A93D289C}
	EndGlobalSection
EndGlobal
