
Microsoft Visual Studio Solution File, Format Version 12.00
# Visual Studio Version 16
VisualStudioVersion = 16.0.29519.87
MinimumVisualStudioVersion = 10.0.40219.1
Project("{FAE04EC0-301F-11D3-BF4B-00C04F79EFBC}") = "Properties", "Properties\Properties.csproj", "{2FE7CD07-E93D-4B74-A409-22C5CC01F7C3}"
EndProject
Global
	GlobalSection(SolutionConfigurationPlatforms) = preSolution
		Debug|Any CPU = Debug|Any CPU
		Release|Any CPU = Release|Any CPU
	EndGlobalSection
	GlobalSection(ProjectConfigurationPlatforms) = postSolution
		{2FE7CD07-E93D-4B74-A409-22C5CC01F7C3}.Debug|Any CPU.ActiveCfg = Debug|Any CPU
		{2FE7CD07-E93D-4B74-A409-22C5CC01F7C3}.Debug|Any CPU.Build.0 = Debug|Any CPU
		{2FE7CD07-E93D-4B74-A409-22C5CC01F7C3}.Release|Any CPU.ActiveCfg = Release|Any CPU
		{2FE7CD07-E93D-4B74-A409-22C5CC01F7C3}.Release|Any CPU.Build.0 = Release|Any CPU
	EndGlobalSection
	GlobalSection(SolutionProperties) = preSolution
		HideSolutionNode = FALSE
	EndGlobalSection
	GlobalSection(ExtensibilityGlobals) = postSolution
		SolutionGuid = {4053CF5A-EC14-479C-8C67-E9EB8FA852B1}
	EndGlobalSection
EndGlobal
