
Microsoft Visual Studio Solution File, Format Version 12.00
# Visual Studio Version 16
VisualStudioVersion = 16.0.29519.87
MinimumVisualStudioVersion = 10.0.40219.1
Project("{FAE04EC0-301F-11D3-BF4B-00C04F79EFBC}") = "comprimento escada joel", "comprimento escada joel\comprimento escada joel.csproj", "{405C2EA2-6B27-434C-A8E3-777F60D6E998}"
EndProject
Global
	GlobalSection(SolutionConfigurationPlatforms) = preSolution
		Debug|Any CPU = Debug|Any CPU
		Release|Any CPU = Release|Any CPU
	EndGlobalSection
	GlobalSection(ProjectConfigurationPlatforms) = postSolution
		{405C2EA2-6B27-434C-A8E3-777F60D6E998}.Debug|Any CPU.ActiveCfg = Debug|Any CPU
		{405C2EA2-6B27-434C-A8E3-777F60D6E998}.Debug|Any CPU.Build.0 = Debug|Any CPU
		{405C2EA2-6B27-434C-A8E3-777F60D6E998}.Release|Any CPU.ActiveCfg = Release|Any CPU
		{405C2EA2-6B27-434C-A8E3-777F60D6E998}.Release|Any CPU.Build.0 = Release|Any CPU
	EndGlobalSection
	GlobalSection(SolutionProperties) = preSolution
		HideSolutionNode = FALSE
	EndGlobalSection
	GlobalSection(ExtensibilityGlobals) = postSolution
		SolutionGuid = {C2695F13-5576-400A-B681-71D22CEFFF11}
	EndGlobalSection
EndGlobal
