
Microsoft Visual Studio Solution File, Format Version 12.00
# Visual Studio Version 16
VisualStudioVersion = 16.0.29519.87
MinimumVisualStudioVersion = 10.0.40219.1
Project("{FAE04EC0-301F-11D3-BF4B-00C04F79EFBC}") = "Xadrez-main", "Xadrez-main\Xadrez-main.csproj", "{F4C346BA-117F-4010-BD1C-7C63107CE26A}"
EndProject
Global
	GlobalSection(SolutionConfigurationPlatforms) = preSolution
		Debug|Any CPU = Debug|Any CPU
		Release|Any CPU = Release|Any CPU
	EndGlobalSection
	GlobalSection(ProjectConfigurationPlatforms) = postSolution
		{F4C346BA-117F-4010-BD1C-7C63107CE26A}.Debug|Any CPU.ActiveCfg = Debug|Any CPU
		{F4C346BA-117F-4010-BD1C-7C63107CE26A}.Debug|Any CPU.Build.0 = Debug|Any CPU
		{F4C346BA-117F-4010-BD1C-7C63107CE26A}.Release|Any CPU.ActiveCfg = Release|Any CPU
		{F4C346BA-117F-4010-BD1C-7C63107CE26A}.Release|Any CPU.Build.0 = Release|Any CPU
	EndGlobalSection
	GlobalSection(SolutionProperties) = preSolution
		HideSolutionNode = FALSE
	EndGlobalSection
	GlobalSection(ExtensibilityGlobals) = postSolution
		SolutionGuid = {3306AB2A-C0D2-480F-907A-D5FE5A441672}
	EndGlobalSection
EndGlobal
