
Microsoft Visual Studio Solution File, Format Version 12.00
# Visual Studio Version 16
VisualStudioVersion = 16.0.29519.87
MinimumVisualStudioVersion = 10.0.40219.1
Project("{FAE04EC0-301F-11D3-BF4B-00C04F79EFBC}") = "Exercicio-01-somadoisnumerosinteiros", "Exercicio-01-somadoisnumerosinteiros\Exercicio-01-somadoisnumerosinteiros.csproj", "{4593FA1C-CC02-4248-9300-F59D3DB3BC32}"
EndProject
Global
	GlobalSection(SolutionConfigurationPlatforms) = preSolution
		Debug|Any CPU = Debug|Any CPU
		Release|Any CPU = Release|Any CPU
	EndGlobalSection
	GlobalSection(ProjectConfigurationPlatforms) = postSolution
		{4593FA1C-CC02-4248-9300-F59D3DB3BC32}.Debug|Any CPU.ActiveCfg = Debug|Any CPU
		{4593FA1C-CC02-4248-9300-F59D3DB3BC32}.Debug|Any CPU.Build.0 = Debug|Any CPU
		{4593FA1C-CC02-4248-9300-F59D3DB3BC32}.Release|Any CPU.ActiveCfg = Release|Any CPU
		{4593FA1C-CC02-4248-9300-F59D3DB3BC32}.Release|Any CPU.Build.0 = Release|Any CPU
	EndGlobalSection
	GlobalSection(SolutionProperties) = preSolution
		HideSolutionNode = FALSE
	EndGlobalSection
	GlobalSection(ExtensibilityGlobals) = postSolution
		SolutionGuid = {9AF71FE2-7CB5-4A68-B95A-809E7839F630}
	EndGlobalSection
EndGlobal
