
Microsoft Visual Studio Solution File, Format Version 12.00
# Visual Studio Version 16
VisualStudioVersion = 16.0.29519.87
MinimumVisualStudioVersion = 10.0.40219.1
Project("{FAE04EC0-301F-11D3-BF4B-00C04F79EFBC}") = "Exercicio Proposto 1", "Exercicio Proposto 1\Exercicio Proposto 1.csproj", "{B7514E91-E75C-4745-BB93-31715329DB85}"
EndProject
Global
	GlobalSection(SolutionConfigurationPlatforms) = preSolution
		Debug|Any CPU = Debug|Any CPU
		Release|Any CPU = Release|Any CPU
	EndGlobalSection
	GlobalSection(ProjectConfigurationPlatforms) = postSolution
		{B7514E91-E75C-4745-BB93-31715329DB85}.Debug|Any CPU.ActiveCfg = Debug|Any CPU
		{B7514E91-E75C-4745-BB93-31715329DB85}.Debug|Any CPU.Build.0 = Debug|Any CPU
		{B7514E91-E75C-4745-BB93-31715329DB85}.Release|Any CPU.ActiveCfg = Release|Any CPU
		{B7514E91-E75C-4745-BB93-31715329DB85}.Release|Any CPU.Build.0 = Release|Any CPU
	EndGlobalSection
	GlobalSection(SolutionProperties) = preSolution
		HideSolutionNode = FALSE
	EndGlobalSection
	GlobalSection(ExtensibilityGlobals) = postSolution
		SolutionGuid = {DF1EAC8D-C7F0-4C3C-AB98-914574DFE58F}
	EndGlobalSection
EndGlobal
