
Microsoft Visual Studio Solution File, Format Version 12.00
# Visual Studio Version 16
VisualStudioVersion = 16.0.29519.87
MinimumVisualStudioVersion = 10.0.40219.1
Project("{FAE04EC0-301F-11D3-BF4B-00C04F79EFBC}") = "Aula42", "Aula42\Aula42.csproj", "{BFFAA1C7-D5E8-4D76-A35D-C9878628CE42}"
EndProject
Global
	GlobalSection(SolutionConfigurationPlatforms) = preSolution
		Debug|Any CPU = Debug|Any CPU
		Release|Any CPU = Release|Any CPU
	EndGlobalSection
	GlobalSection(ProjectConfigurationPlatforms) = postSolution
		{BFFAA1C7-D5E8-4D76-A35D-C9878628CE42}.Debug|Any CPU.ActiveCfg = Debug|Any CPU
		{BFFAA1C7-D5E8-4D76-A35D-C9878628CE42}.Debug|Any CPU.Build.0 = Debug|Any CPU
		{BFFAA1C7-D5E8-4D76-A35D-C9878628CE42}.Release|Any CPU.ActiveCfg = Release|Any CPU
		{BFFAA1C7-D5E8-4D76-A35D-C9878628CE42}.Release|Any CPU.Build.0 = Release|Any CPU
	EndGlobalSection
	GlobalSection(SolutionProperties) = preSolution
		HideSolutionNode = FALSE
	EndGlobalSection
	GlobalSection(ExtensibilityGlobals) = postSolution
		SolutionGuid = {3B80FA73-7815-41D4-BCF5-E44B4D452FEF}
	EndGlobalSection
EndGlobal
