
Microsoft Visual Studio Solution File, Format Version 12.00
# Visual Studio Version 16
VisualStudioVersion = 16.0.29519.87
MinimumVisualStudioVersion = 10.0.40219.1
Project("{FAE04EC0-301F-11D3-BF4B-00C04F79EFBC}") = "NunExtenso", "NunExtenso\NunExtenso.csproj", "{1F2BC9AE-EAF3-46F3-95D5-50EEB3B98814}"
EndProject
Global
	GlobalSection(SolutionConfigurationPlatforms) = preSolution
		Debug|Any CPU = Debug|Any CPU
		Release|Any CPU = Release|Any CPU
	EndGlobalSection
	GlobalSection(ProjectConfigurationPlatforms) = postSolution
		{1F2BC9AE-EAF3-46F3-95D5-50EEB3B98814}.Debug|Any CPU.ActiveCfg = Debug|Any CPU
		{1F2BC9AE-EAF3-46F3-95D5-50EEB3B98814}.Debug|Any CPU.Build.0 = Debug|Any CPU
		{1F2BC9AE-EAF3-46F3-95D5-50EEB3B98814}.Release|Any CPU.ActiveCfg = Release|Any CPU
		{1F2BC9AE-EAF3-46F3-95D5-50EEB3B98814}.Release|Any CPU.Build.0 = Release|Any CPU
	EndGlobalSection
	GlobalSection(SolutionProperties) = preSolution
		HideSolutionNode = FALSE
	EndGlobalSection
	GlobalSection(ExtensibilityGlobals) = postSolution
		SolutionGuid = {3C04CF2A-09D3-4F4F-924B-DD5E9AB2CBA1}
	EndGlobalSection
EndGlobal
