
Microsoft Visual Studio Solution File, Format Version 12.00
# Visual Studio Version 16
VisualStudioVersion = 16.0.29519.87
MinimumVisualStudioVersion = 10.0.40219.1
Project("{FAE04EC0-301F-11D3-BF4B-00C04F79EFBC}") = "xxxxx", "xxxxx\xxxxx.csproj", "{AE247F51-E031-408F-A13C-F141C74049DA}"
EndProject
Global
	GlobalSection(SolutionConfigurationPlatforms) = preSolution
		Debug|Any CPU = Debug|Any CPU
		Release|Any CPU = Release|Any CPU
	EndGlobalSection
	GlobalSection(ProjectConfigurationPlatforms) = postSolution
		{AE247F51-E031-408F-A13C-F141C74049DA}.Debug|Any CPU.ActiveCfg = Debug|Any CPU
		{AE247F51-E031-408F-A13C-F141C74049DA}.Debug|Any CPU.Build.0 = Debug|Any CPU
		{AE247F51-E031-408F-A13C-F141C74049DA}.Release|Any CPU.ActiveCfg = Release|Any CPU
		{AE247F51-E031-408F-A13C-F141C74049DA}.Release|Any CPU.Build.0 = Release|Any CPU
	EndGlobalSection
	GlobalSection(SolutionProperties) = preSolution
		HideSolutionNode = FALSE
	EndGlobalSection
	GlobalSection(ExtensibilityGlobals) = postSolution
		SolutionGuid = {312133E1-BCCE-4BE1-9526-6CFD3C5AE40B}
	EndGlobalSection
EndGlobal
