
Microsoft Visual Studio Solution File, Format Version 12.00
# Visual Studio Version 16
VisualStudioVersion = 16.0.29519.87
MinimumVisualStudioVersion = 10.0.40219.1
Project("{FAE04EC0-301F-11D3-BF4B-00C04F79EFBC}") = "53AlterIniVal", "53AlterIniVal\53AlterIniVal.csproj", "{F2480DB4-C4F6-4A25-AFCC-6644B83011A8}"
EndProject
Global
	GlobalSection(SolutionConfigurationPlatforms) = preSolution
		Debug|Any CPU = Debug|Any CPU
		Release|Any CPU = Release|Any CPU
	EndGlobalSection
	GlobalSection(ProjectConfigurationPlatforms) = postSolution
		{F2480DB4-C4F6-4A25-AFCC-6644B83011A8}.Debug|Any CPU.ActiveCfg = Debug|Any CPU
		{F2480DB4-C4F6-4A25-AFCC-6644B83011A8}.Debug|Any CPU.Build.0 = Debug|Any CPU
		{F2480DB4-C4F6-4A25-AFCC-6644B83011A8}.Release|Any CPU.ActiveCfg = Release|Any CPU
		{F2480DB4-C4F6-4A25-AFCC-6644B83011A8}.Release|Any CPU.Build.0 = Release|Any CPU
	EndGlobalSection
	GlobalSection(SolutionProperties) = preSolution
		HideSolutionNode = FALSE
	EndGlobalSection
	GlobalSection(ExtensibilityGlobals) = postSolution
		SolutionGuid = {D6268746-BEF8-437B-8E8E-F6CAC8D127E1}
	EndGlobalSection
EndGlobal
