
Microsoft Visual Studio Solution File, Format Version 12.00
# Visual Studio Version 16
VisualStudioVersion = 16.0.29519.87
MinimumVisualStudioVersion = 10.0.40219.1
Project("{FAE04EC0-301F-11D3-BF4B-00C04F79EFBC}") = "xadrez-console", "xadrez-console\xadrez-console.csproj", "{990FB642-A878-4181-AADF-D1DBB2613B3E}"
EndProject
Global
	GlobalSection(SolutionConfigurationPlatforms) = preSolution
		Debug|Any CPU = Debug|Any CPU
		Release|Any CPU = Release|Any CPU
	EndGlobalSection
	GlobalSection(ProjectConfigurationPlatforms) = postSolution
		{990FB642-A878-4181-AADF-D1DBB2613B3E}.Debug|Any CPU.ActiveCfg = Debug|Any CPU
		{990FB642-A878-4181-AADF-D1DBB2613B3E}.Debug|Any CPU.Build.0 = Debug|Any CPU
		{990FB642-A878-4181-AADF-D1DBB2613B3E}.Release|Any CPU.ActiveCfg = Release|Any CPU
		{990FB642-A878-4181-AADF-D1DBB2613B3E}.Release|Any CPU.Build.0 = Release|Any CPU
	EndGlobalSection
	GlobalSection(SolutionProperties) = preSolution
		HideSolutionNode = FALSE
	EndGlobalSection
	GlobalSection(ExtensibilityGlobals) = postSolution
		SolutionGuid = {6847F5E5-F0C7-4043-B74E-DD978CBA2DF7}
	EndGlobalSection
EndGlobal
