
Microsoft Visual Studio Solution File, Format Version 12.00
# Visual Studio Version 16
VisualStudioVersion = 16.0.29519.87
MinimumVisualStudioVersion = 10.0.40219.1
Project("{FAE04EC0-301F-11D3-BF4B-00C04F79EFBC}") = "Custo40Casas", "Custo40Casas\Custo40Casas.csproj", "{5B886367-0AEC-4467-8FF2-1DFD52F8AEF9}"
EndProject
Global
	GlobalSection(SolutionConfigurationPlatforms) = preSolution
		Debug|Any CPU = Debug|Any CPU
		Release|Any CPU = Release|Any CPU
	EndGlobalSection
	GlobalSection(ProjectConfigurationPlatforms) = postSolution
		{5B886367-0AEC-4467-8FF2-1DFD52F8AEF9}.Debug|Any CPU.ActiveCfg = Debug|Any CPU
		{5B886367-0AEC-4467-8FF2-1DFD52F8AEF9}.Debug|Any CPU.Build.0 = Debug|Any CPU
		{5B886367-0AEC-4467-8FF2-1DFD52F8AEF9}.Release|Any CPU.ActiveCfg = Release|Any CPU
		{5B886367-0AEC-4467-8FF2-1DFD52F8AEF9}.Release|Any CPU.Build.0 = Release|Any CPU
	EndGlobalSection
	GlobalSection(SolutionProperties) = preSolution
		HideSolutionNode = FALSE
	EndGlobalSection
	GlobalSection(ExtensibilityGlobals) = postSolution
		SolutionGuid = {F6CE12C9-D4DA-4A51-87E6-56FE823F17DB}
	EndGlobalSection
EndGlobal
