
Microsoft Visual Studio Solution File, Format Version 12.00
# Visual Studio Version 16
VisualStudioVersion = 16.0.29519.87
MinimumVisualStudioVersion = 10.0.40219.1
Project("{FAE04EC0-301F-11D3-BF4B-00C04F79EFBC}") = "Parte1", "Parte1\Parte1.csproj", "{DAC4514E-22C6-4D12-B21B-DF3444CF867B}"
EndProject
Global
	GlobalSection(SolutionConfigurationPlatforms) = preSolution
		Debug|Any CPU = Debug|Any CPU
		Release|Any CPU = Release|Any CPU
	EndGlobalSection
	GlobalSection(ProjectConfigurationPlatforms) = postSolution
		{DAC4514E-22C6-4D12-B21B-DF3444CF867B}.Debug|Any CPU.ActiveCfg = Debug|Any CPU
		{DAC4514E-22C6-4D12-B21B-DF3444CF867B}.Debug|Any CPU.Build.0 = Debug|Any CPU
		{DAC4514E-22C6-4D12-B21B-DF3444CF867B}.Release|Any CPU.ActiveCfg = Release|Any CPU
		{DAC4514E-22C6-4D12-B21B-DF3444CF867B}.Release|Any CPU.Build.0 = Release|Any CPU
	EndGlobalSection
	GlobalSection(SolutionProperties) = preSolution
		HideSolutionNode = FALSE
	EndGlobalSection
	GlobalSection(ExtensibilityGlobals) = postSolution
		SolutionGuid = {7A6C7031-08F8-4C93-84C9-A4E9609EBB50}
	EndGlobalSection
EndGlobal
