
Microsoft Visual Studio Solution File, Format Version 12.00
# Visual Studio Version 17
VisualStudioVersion = 17.7.34009.444
MinimumVisualStudioVersion = 10.0.40219.1
Project("{FAE04EC0-301F-11D3-BF4B-00C04F79EFBC}") = "AlunoApi", "AlunoApi\AlunoApi.csproj", "{20F00AAC-C8E5-40C4-87D4-F9BCCAC0205E}"
EndProject
Global
	GlobalSection(SolutionConfigurationPlatforms) = preSolution
		Debug|Any CPU = Debug|Any CPU
		Release|Any CPU = Release|Any CPU
	EndGlobalSection
	GlobalSection(ProjectConfigurationPlatforms) = postSolution
		{20F00AAC-C8E5-40C4-87D4-F9BCCAC0205E}.Debug|Any CPU.ActiveCfg = Debug|Any CPU
		{20F00AAC-C8E5-40C4-87D4-F9BCCAC0205E}.Debug|Any CPU.Build.0 = Debug|Any CPU
		{20F00AAC-C8E5-40C4-87D4-F9BCCAC0205E}.Release|Any CPU.ActiveCfg = Release|Any CPU
		{20F00AAC-C8E5-40C4-87D4-F9BCCAC0205E}.Release|Any CPU.Build.0 = Release|Any CPU
	EndGlobalSection
	GlobalSection(SolutionProperties) = preSolution
		HideSolutionNode = FALSE
	EndGlobalSection
	GlobalSection(ExtensibilityGlobals) = postSolution
		SolutionGuid = {96A85FE4-C322-4B82-91B1-467784DEC908}
	EndGlobalSection
EndGlobal
