
Microsoft Visual Studio Solution File, Format Version 12.00
# Visual Studio Version 16
VisualStudioVersion = 16.0.29519.87
MinimumVisualStudioVersion = 10.0.40219.1
Project("{FAE04EC0-301F-11D3-BF4B-00C04F79EFBC}") = "Exerc_2", "Exerc_2\Exerc_2.csproj", "{A673C0B1-EFE3-472A-9715-2BFEAC23616A}"
EndProject
Global
	GlobalSection(SolutionConfigurationPlatforms) = preSolution
		Debug|Any CPU = Debug|Any CPU
		Release|Any CPU = Release|Any CPU
	EndGlobalSection
	GlobalSection(ProjectConfigurationPlatforms) = postSolution
		{A673C0B1-EFE3-472A-9715-2BFEAC23616A}.Debug|Any CPU.ActiveCfg = Debug|Any CPU
		{A673C0B1-EFE3-472A-9715-2BFEAC23616A}.Debug|Any CPU.Build.0 = Debug|Any CPU
		{A673C0B1-EFE3-472A-9715-2BFEAC23616A}.Release|Any CPU.ActiveCfg = Release|Any CPU
		{A673C0B1-EFE3-472A-9715-2BFEAC23616A}.Release|Any CPU.Build.0 = Release|Any CPU
	EndGlobalSection
	GlobalSection(SolutionProperties) = preSolution
		HideSolutionNode = FALSE
	EndGlobalSection
	GlobalSection(ExtensibilityGlobals) = postSolution
		SolutionGuid = {342987FB-1A2D-4240-80A7-CC369EE8257C}
	EndGlobalSection
EndGlobal
