
Microsoft Visual Studio Solution File, Format Version 12.00
# Visual Studio Version 16
VisualStudioVersion = 16.0.29519.87
MinimumVisualStudioVersion = 10.0.40219.1
Project("{FAE04EC0-301F-11D3-BF4B-00C04F79EFBC}") = "SemOriObj", "SemOriObj\SemOriObj.csproj", "{F5514E6A-39A6-49D6-A318-ECCBB6B1097A}"
EndProject
Global
	GlobalSection(SolutionConfigurationPlatforms) = preSolution
		Debug|Any CPU = Debug|Any CPU
		Release|Any CPU = Release|Any CPU
	EndGlobalSection
	GlobalSection(ProjectConfigurationPlatforms) = postSolution
		{F5514E6A-39A6-49D6-A318-ECCBB6B1097A}.Debug|Any CPU.ActiveCfg = Debug|Any CPU
		{F5514E6A-39A6-49D6-A318-ECCBB6B1097A}.Debug|Any CPU.Build.0 = Debug|Any CPU
		{F5514E6A-39A6-49D6-A318-ECCBB6B1097A}.Release|Any CPU.ActiveCfg = Release|Any CPU
		{F5514E6A-39A6-49D6-A318-ECCBB6B1097A}.Release|Any CPU.Build.0 = Release|Any CPU
	EndGlobalSection
	GlobalSection(SolutionProperties) = preSolution
		HideSolutionNode = FALSE
	EndGlobalSection
	GlobalSection(ExtensibilityGlobals) = postSolution
		SolutionGuid = {4A2A4F80-A2C6-41FE-84A2-7C46E7BCF351}
	EndGlobalSection
EndGlobal
