
Microsoft Visual Studio Solution File, Format Version 12.00
# Visual Studio Version 16
VisualStudioVersion = 16.0.29519.87
MinimumVisualStudioVersion = 10.0.40219.1
Project("{FAE04EC0-301F-11D3-BF4B-00C04F79EFBC}") = "EscreverNumeroExtenso", "EscreverNumeroExtenso\EscreverNumeroExtenso.csproj", "{1C3A3B5A-C2E9-4D1C-B492-9F58E475052A}"
EndProject
Global
	GlobalSection(SolutionConfigurationPlatforms) = preSolution
		Debug|Any CPU = Debug|Any CPU
		Release|Any CPU = Release|Any CPU
	EndGlobalSection
	GlobalSection(ProjectConfigurationPlatforms) = postSolution
		{1C3A3B5A-C2E9-4D1C-B492-9F58E475052A}.Debug|Any CPU.ActiveCfg = Debug|Any CPU
		{1C3A3B5A-C2E9-4D1C-B492-9F58E475052A}.Debug|Any CPU.Build.0 = Debug|Any CPU
		{1C3A3B5A-C2E9-4D1C-B492-9F58E475052A}.Release|Any CPU.ActiveCfg = Release|Any CPU
		{1C3A3B5A-C2E9-4D1C-B492-9F58E475052A}.Release|Any CPU.Build.0 = Release|Any CPU
	EndGlobalSection
	GlobalSection(SolutionProperties) = preSolution
		HideSolutionNode = FALSE
	EndGlobalSection
	GlobalSection(ExtensibilityGlobals) = postSolution
		SolutionGuid = {C3A0A85D-391B-4B1F-8A47-7E04917A008E}
	EndGlobalSection
EndGlobal
