
Microsoft Visual Studio Solution File, Format Version 12.00
# Visual Studio Version 16
VisualStudioVersion = 16.0.29519.87
MinimumVisualStudioVersion = 10.0.40219.1
Project("{FAE04EC0-301F-11D3-BF4B-00C04F79EFBC}") = "Membros_Estaticos_1", "Membros_Estaticos_1\Membros_Estaticos_1.csproj", "{F1851794-61EC-41DD-8346-FCCBBED50003}"
EndProject
Global
	GlobalSection(SolutionConfigurationPlatforms) = preSolution
		Debug|Any CPU = Debug|Any CPU
		Release|Any CPU = Release|Any CPU
	EndGlobalSection
	GlobalSection(ProjectConfigurationPlatforms) = postSolution
		{F1851794-61EC-41DD-8346-FCCBBED50003}.Debug|Any CPU.ActiveCfg = Debug|Any CPU
		{F1851794-61EC-41DD-8346-FCCBBED50003}.Debug|Any CPU.Build.0 = Debug|Any CPU
		{F1851794-61EC-41DD-8346-FCCBBED50003}.Release|Any CPU.ActiveCfg = Release|Any CPU
		{F1851794-61EC-41DD-8346-FCCBBED50003}.Release|Any CPU.Build.0 = Release|Any CPU
	EndGlobalSection
	GlobalSection(SolutionProperties) = preSolution
		HideSolutionNode = FALSE
	EndGlobalSection
	GlobalSection(ExtensibilityGlobals) = postSolution
		SolutionGuid = {B6CDE3DE-F92C-4F15-8064-E3E85DDBCC86}
	EndGlobalSection
EndGlobal
