
Microsoft Visual Studio Solution File, Format Version 12.00
# Visual Studio Version 16
VisualStudioVersion = 16.0.29519.87
MinimumVisualStudioVersion = 10.0.40219.1
Project("{FAE04EC0-301F-11D3-BF4B-00C04F79EFBC}") = "Exerc01", "Exerc01\Exerc01.csproj", "{96D641BD-5C2B-4D12-93BD-E733A7D86E44}"
EndProject
Global
	GlobalSection(SolutionConfigurationPlatforms) = preSolution
		Debug|Any CPU = Debug|Any CPU
		Release|Any CPU = Release|Any CPU
	EndGlobalSection
	GlobalSection(ProjectConfigurationPlatforms) = postSolution
		{96D641BD-5C2B-4D12-93BD-E733A7D86E44}.Debug|Any CPU.ActiveCfg = Debug|Any CPU
		{96D641BD-5C2B-4D12-93BD-E733A7D86E44}.Debug|Any CPU.Build.0 = Debug|Any CPU
		{96D641BD-5C2B-4D12-93BD-E733A7D86E44}.Release|Any CPU.ActiveCfg = Release|Any CPU
		{96D641BD-5C2B-4D12-93BD-E733A7D86E44}.Release|Any CPU.Build.0 = Release|Any CPU
	EndGlobalSection
	GlobalSection(SolutionProperties) = preSolution
		HideSolutionNode = FALSE
	EndGlobalSection
	GlobalSection(ExtensibilityGlobals) = postSolution
		SolutionGuid = {DB01BE19-B0CC-4870-93F5-6F51EF558FBB}
	EndGlobalSection
EndGlobal
